
Microsoft Visual Studio Solution File, Format Version 12.00
# Visual Studio Version 16
VisualStudioVersion = 16.0.28803.202
MinimumVisualStudioVersion = 10.0.40219.1
Project("{FAE04EC0-301F-11D3-BF4B-00C04F79EFBC}") = "NFCLogin", "NFCLogin\NFCLogin.csproj", "{7AA143B4-92D7-408E-BD4E-74DDC3FA019A}"
EndProject
Global
	GlobalSection(SolutionConfigurationPlatforms) = preSolution
		Debug|Any CPU = Debug|Any CPU
		Debug|x64 = Debug|x64
		Release|Any CPU = Release|Any CPU
		Release|x64 = Release|x64
	EndGlobalSection
	GlobalSection(ProjectConfigurationPlatforms) = postSolution
		{7AA143B4-92D7-408E-BD4E-74DDC3FA019A}.Debug|Any CPU.ActiveCfg = Debug|x64
		{7AA143B4-92D7-408E-BD4E-74DDC3FA019A}.Debug|Any CPU.Build.0 = Debug|x64
		{7AA143B4-92D7-408E-BD4E-74DDC3FA019A}.Debug|x64.ActiveCfg = Debug|x64
		{7AA143B4-92D7-408E-BD4E-74DDC3FA019A}.Debug|x64.Build.0 = Debug|x64
		{7AA143B4-92D7-408E-BD4E-74DDC3FA019A}.Release|Any CPU.ActiveCfg = Release|Any CPU
		{7AA143B4-92D7-408E-BD4E-74DDC3FA019A}.Release|Any CPU.Build.0 = Release|Any CPU
		{7AA143B4-92D7-408E-BD4E-74DDC3FA019A}.Release|x64.ActiveCfg = Release|x64
		{7AA143B4-92D7-408E-BD4E-74DDC3FA019A}.Release|x64.Build.0 = Release|x64
	EndGlobalSection
	GlobalSection(SolutionProperties) = preSolution
		HideSolutionNode = FALSE
	EndGlobalSection
	GlobalSection(ExtensibilityGlobals) = postSolution
		SolutionGuid = {DF55B853-EAE5-4A49-AAD7-2F7D0137206B}
	EndGlobalSection
EndGlobal
